
Microsoft Visual Studio Solution File, Format Version 12.00
# Visual Studio 15
VisualStudioVersion = 15.0.28010.2036
MinimumVisualStudioVersion = 10.0.40219.1
Project("{9A19103F-16F7-4668-BE54-9A1E7A4F7556}") = "YourGameOfTheYear", "YourGameOfTheYear.csproj", "{DA76E476-3E33-4DA2-AABF-9049F37E4055}"
EndProject
Global
	GlobalSection(SolutionConfigurationPlatforms) = preSolution
		Debug|Any CPU = Debug|Any CPU
		Release|Any CPU = Release|Any CPU
	EndGlobalSection
	GlobalSection(ProjectConfigurationPlatforms) = postSolution
		{DA76E476-3E33-4DA2-AABF-9049F37E4055}.Debug|Any CPU.ActiveCfg = Debug|Any CPU
		{DA76E476-3E33-4DA2-AABF-9049F37E4055}.Debug|Any CPU.Build.0 = Debug|Any CPU
		{DA76E476-3E33-4DA2-AABF-9049F37E4055}.Release|Any CPU.ActiveCfg = Release|Any CPU
		{DA76E476-3E33-4DA2-AABF-9049F37E4055}.Release|Any CPU.Build.0 = Release|Any CPU
	EndGlobalSection
	GlobalSection(SolutionProperties) = preSolution
		HideSolutionNode = FALSE
	EndGlobalSection
	GlobalSection(ExtensibilityGlobals) = postSolution
		SolutionGuid = {AA66CCBC-1A55-4CA7-B13B-DFB742E57EAA}
	EndGlobalSection
EndGlobal
